// !$*UTF8*$!
{
	archiveVersion = 1;
	classes = {
	};
	objectVersion = 50;
	objects = {

/* Begin PBXBuildFile section */
		0BCEE9E8E51CC7C443ED9C6B /* Pods_CurrencyConverter.framework in Frameworks */ = {isa = PBXBuildFile; fileRef = E490E8674C21F117CD751D44 /* Pods_CurrencyConverter.framework */; };
		29A74E93F58BEDB5FDFCE35A /* Pods_CurrencyConverterTests.framework in Frameworks */ = {isa = PBXBuildFile; fileRef = D856D8FC859E35C903B3844C /* Pods_CurrencyConverterTests.framework */; };
		ECA7145A2224898C00147C85 /* AppDelegate.swift in Sources */ = {isa = PBXBuildFile; fileRef = ECA714592224898C00147C85 /* AppDelegate.swift */; };
		ECA714612224898F00147C85 /* Assets.xcassets in Resources */ = {isa = PBXBuildFile; fileRef = ECA714602224898F00147C85 /* Assets.xcassets */; };
		ECA714642224898F00147C85 /* LaunchScreen.storyboard in Resources */ = {isa = PBXBuildFile; fileRef = ECA714622224898F00147C85 /* LaunchScreen.storyboard */; };
		ECA7146F2224898F00147C85 /* CurrencyConverterTests.swift in Sources */ = {isa = PBXBuildFile; fileRef = ECA7146E2224898F00147C85 /* CurrencyConverterTests.swift */; };
		ECA7147B222489B200147C85 /* CurrencyRatesService.swift in Sources */ = {isa = PBXBuildFile; fileRef = ECA7147A222489B200147C85 /* CurrencyRatesService.swift */; };
		ECA7148122248C4600147C85 /* Result.swift in Sources */ = {isa = PBXBuildFile; fileRef = ECA7148022248C4600147C85 /* Result.swift */; };
		ECA7148322248D6B00147C85 /* Parameters.swift in Sources */ = {isa = PBXBuildFile; fileRef = ECA7148222248D6B00147C85 /* Parameters.swift */; };
		ECA714852225D96900147C85 /* URLProvider.swift in Sources */ = {isa = PBXBuildFile; fileRef = ECA714842225D96900147C85 /* URLProvider.swift */; };
		ECA714882225DCDE00147C85 /* CurrencyRatesServiceFactory.swift in Sources */ = {isa = PBXBuildFile; fileRef = ECA714872225DCDE00147C85 /* CurrencyRatesServiceFactory.swift */; };
		ECA7148B222A8B7000147C85 /* CurrencyConverterViewModel.swift in Sources */ = {isa = PBXBuildFile; fileRef = ECA7148A222A8B7000147C85 /* CurrencyConverterViewModel.swift */; };
		ECA7148D222A8B8C00147C85 /* CurrencyConverterViewController.swift in Sources */ = {isa = PBXBuildFile; fileRef = ECA7148C222A8B8C00147C85 /* CurrencyConverterViewController.swift */; };
		ECA71494222A8ECB00147C85 /* CurrencyConverterFactory.swift in Sources */ = {isa = PBXBuildFile; fileRef = ECA71493222A8ECB00147C85 /* CurrencyConverterFactory.swift */; };
		ECA7149B222AF89700147C85 /* CurrencyTableViewCell.swift in Sources */ = {isa = PBXBuildFile; fileRef = ECA7149A222AF89700147C85 /* CurrencyTableViewCell.swift */; };
		ECA7149D222C3BDE00147C85 /* Space.swift in Sources */ = {isa = PBXBuildFile; fileRef = ECA7149C222C3BDE00147C85 /* Space.swift */; };
		ECA714A0222D965C00147C85 /* CurrencyFormatter.swift in Sources */ = {isa = PBXBuildFile; fileRef = ECA7149F222D965C00147C85 /* CurrencyFormatter.swift */; };
		ECA714A2222D9C1200147C85 /* CurrencyViewModel.swift in Sources */ = {isa = PBXBuildFile; fileRef = ECA714A1222D9C1200147C85 /* CurrencyViewModel.swift */; };
		ECA714A4222DA62900147C85 /* CurrencyRatesModel.swift in Sources */ = {isa = PBXBuildFile; fileRef = ECA714A3222DA62900147C85 /* CurrencyRatesModel.swift */; };
/* End PBXBuildFile section */

/* Begin PBXContainerItemProxy section */
		ECA7146B2224898F00147C85 /* PBXContainerItemProxy */ = {
			isa = PBXContainerItemProxy;
			containerPortal = ECA7144E2224898C00147C85 /* Project object */;
			proxyType = 1;
			remoteGlobalIDString = ECA714552224898C00147C85;
			remoteInfo = CurrencyConverter;
		};
/* End PBXContainerItemProxy section */

/* Begin PBXFileReference section */
		24ED676C0CDA23C8246551D9 /* Pods-CurrencyConverterTests.release.xcconfig */ = {isa = PBXFileReference; includeInIndex = 1; lastKnownFileType = text.xcconfig; name = "Pods-CurrencyConverterTests.release.xcconfig"; path = "Pods/Target Support Files/Pods-CurrencyConverterTests/Pods-CurrencyConverterTests.release.xcconfig"; sourceTree = "<group>"; };
		6E7FCE1221633FB934FAE27A /* Pods-CurrencyConverter.release.xcconfig */ = {isa = PBXFileReference; includeInIndex = 1; lastKnownFileType = text.xcconfig; name = "Pods-CurrencyConverter.release.xcconfig"; path = "Pods/Target Support Files/Pods-CurrencyConverter/Pods-CurrencyConverter.release.xcconfig"; sourceTree = "<group>"; };
		D856D8FC859E35C903B3844C /* Pods_CurrencyConverterTests.framework */ = {isa = PBXFileReference; explicitFileType = wrapper.framework; includeInIndex = 0; path = Pods_CurrencyConverterTests.framework; sourceTree = BUILT_PRODUCTS_DIR; };
		E3286A5215A0F53F2B82DFA1 /* Pods-CurrencyConverter.debug.xcconfig */ = {isa = PBXFileReference; includeInIndex = 1; lastKnownFileType = text.xcconfig; name = "Pods-CurrencyConverter.debug.xcconfig"; path = "Pods/Target Support Files/Pods-CurrencyConverter/Pods-CurrencyConverter.debug.xcconfig"; sourceTree = "<group>"; };
		E3461FC6FA2782A4BC2BE31F /* Pods-CurrencyConverterTests.debug.xcconfig */ = {isa = PBXFileReference; includeInIndex = 1; lastKnownFileType = text.xcconfig; name = "Pods-CurrencyConverterTests.debug.xcconfig"; path = "Pods/Target Support Files/Pods-CurrencyConverterTests/Pods-CurrencyConverterTests.debug.xcconfig"; sourceTree = "<group>"; };
		E490E8674C21F117CD751D44 /* Pods_CurrencyConverter.framework */ = {isa = PBXFileReference; explicitFileType = wrapper.framework; includeInIndex = 0; path = Pods_CurrencyConverter.framework; sourceTree = BUILT_PRODUCTS_DIR; };
		ECA714562224898C00147C85 /* CurrencyConverter.app */ = {isa = PBXFileReference; explicitFileType = wrapper.application; includeInIndex = 0; path = CurrencyConverter.app; sourceTree = BUILT_PRODUCTS_DIR; };
		ECA714592224898C00147C85 /* AppDelegate.swift */ = {isa = PBXFileReference; lastKnownFileType = sourcecode.swift; path = AppDelegate.swift; sourceTree = "<group>"; };
		ECA714602224898F00147C85 /* Assets.xcassets */ = {isa = PBXFileReference; lastKnownFileType = folder.assetcatalog; path = Assets.xcassets; sourceTree = "<group>"; };
		ECA714632224898F00147C85 /* Base */ = {isa = PBXFileReference; lastKnownFileType = file.storyboard; name = Base; path = Base.lproj/LaunchScreen.storyboard; sourceTree = "<group>"; };
		ECA714652224898F00147C85 /* Info.plist */ = {isa = PBXFileReference; lastKnownFileType = text.plist.xml; path = Info.plist; sourceTree = "<group>"; };
		ECA7146A2224898F00147C85 /* CurrencyConverterTests.xctest */ = {isa = PBXFileReference; explicitFileType = wrapper.cfbundle; includeInIndex = 0; path = CurrencyConverterTests.xctest; sourceTree = BUILT_PRODUCTS_DIR; };
		ECA7146E2224898F00147C85 /* CurrencyConverterTests.swift */ = {isa = PBXFileReference; lastKnownFileType = sourcecode.swift; path = CurrencyConverterTests.swift; sourceTree = "<group>"; };
		ECA714702224898F00147C85 /* Info.plist */ = {isa = PBXFileReference; lastKnownFileType = text.plist.xml; path = Info.plist; sourceTree = "<group>"; };
		ECA7147A222489B200147C85 /* CurrencyRatesService.swift */ = {isa = PBXFileReference; lastKnownFileType = sourcecode.swift; path = CurrencyRatesService.swift; sourceTree = "<group>"; };
		ECA7148022248C4600147C85 /* Result.swift */ = {isa = PBXFileReference; lastKnownFileType = sourcecode.swift; path = Result.swift; sourceTree = "<group>"; };
		ECA7148222248D6B00147C85 /* Parameters.swift */ = {isa = PBXFileReference; lastKnownFileType = sourcecode.swift; path = Parameters.swift; sourceTree = "<group>"; };
		ECA714842225D96900147C85 /* URLProvider.swift */ = {isa = PBXFileReference; lastKnownFileType = sourcecode.swift; path = URLProvider.swift; sourceTree = "<group>"; };
		ECA714872225DCDE00147C85 /* CurrencyRatesServiceFactory.swift */ = {isa = PBXFileReference; lastKnownFileType = sourcecode.swift; path = CurrencyRatesServiceFactory.swift; sourceTree = "<group>"; };
		ECA7148A222A8B7000147C85 /* CurrencyConverterViewModel.swift */ = {isa = PBXFileReference; lastKnownFileType = sourcecode.swift; path = CurrencyConverterViewModel.swift; sourceTree = "<group>"; };
		ECA7148C222A8B8C00147C85 /* CurrencyConverterViewController.swift */ = {isa = PBXFileReference; lastKnownFileType = sourcecode.swift; path = CurrencyConverterViewController.swift; sourceTree = "<group>"; };
		ECA71493222A8ECB00147C85 /* CurrencyConverterFactory.swift */ = {isa = PBXFileReference; lastKnownFileType = sourcecode.swift; path = CurrencyConverterFactory.swift; sourceTree = "<group>"; };
		ECA7149A222AF89700147C85 /* CurrencyTableViewCell.swift */ = {isa = PBXFileReference; lastKnownFileType = sourcecode.swift; path = CurrencyTableViewCell.swift; sourceTree = "<group>"; };
		ECA7149C222C3BDE00147C85 /* Space.swift */ = {isa = PBXFileReference; lastKnownFileType = sourcecode.swift; path = Space.swift; sourceTree = "<group>"; };
		ECA7149F222D965C00147C85 /* CurrencyFormatter.swift */ = {isa = PBXFileReference; lastKnownFileType = sourcecode.swift; path = CurrencyFormatter.swift; sourceTree = "<group>"; };
		ECA714A1222D9C1200147C85 /* CurrencyViewModel.swift */ = {isa = PBXFileReference; fileEncoding = 4; lastKnownFileType = sourcecode.swift; path = CurrencyViewModel.swift; sourceTree = "<group>"; };
		ECA714A3222DA62900147C85 /* CurrencyRatesModel.swift */ = {isa = PBXFileReference; fileEncoding = 4; lastKnownFileType = sourcecode.swift; path = CurrencyRatesModel.swift; sourceTree = "<group>"; };
/* End PBXFileReference section */

/* Begin PBXFrameworksBuildPhase section */
		ECA714532224898C00147C85 /* Frameworks */ = {
			isa = PBXFrameworksBuildPhase;
			buildActionMask = 2147483647;
			files = (
				0BCEE9E8E51CC7C443ED9C6B /* Pods_CurrencyConverter.framework in Frameworks */,
			);
			runOnlyForDeploymentPostprocessing = 0;
		};
		ECA714672224898F00147C85 /* Frameworks */ = {
			isa = PBXFrameworksBuildPhase;
			buildActionMask = 2147483647;
			files = (
				29A74E93F58BEDB5FDFCE35A /* Pods_CurrencyConverterTests.framework in Frameworks */,
			);
			runOnlyForDeploymentPostprocessing = 0;
		};
/* End PBXFrameworksBuildPhase section */

/* Begin PBXGroup section */
		A95F27CE4C4060D8DDA92DAA /* Frameworks */ = {
			isa = PBXGroup;
			children = (
				E490E8674C21F117CD751D44 /* Pods_CurrencyConverter.framework */,
				D856D8FC859E35C903B3844C /* Pods_CurrencyConverterTests.framework */,
			);
			name = Frameworks;
			sourceTree = "<group>";
		};
		ECA7144D2224898C00147C85 = {
			isa = PBXGroup;
			children = (
				ECA714582224898C00147C85 /* CurrencyConverter */,
				ECA7146D2224898F00147C85 /* CurrencyConverterTests */,
				ECA714572224898C00147C85 /* Products */,
				F500365612D6FEAA64E7577A /* Pods */,
				A95F27CE4C4060D8DDA92DAA /* Frameworks */,
			);
			sourceTree = "<group>";
		};
		ECA714572224898C00147C85 /* Products */ = {
			isa = PBXGroup;
			children = (
				ECA714562224898C00147C85 /* CurrencyConverter.app */,
				ECA7146A2224898F00147C85 /* CurrencyConverterTests.xctest */,
			);
			name = Products;
			sourceTree = "<group>";
		};
		ECA714582224898C00147C85 /* CurrencyConverter */ = {
			isa = PBXGroup;
			children = (
				ECA714592224898C00147C85 /* AppDelegate.swift */,
				ECA7148222248D6B00147C85 /* Parameters.swift */,
				ECA7147F22248C3900147C85 /* Common */,
				ECA7147C222489BF00147C85 /* Models */,
				ECA714792224899900147C85 /* Services */,
				ECA71489222A8B5A00147C85 /* Flows */,
				ECA71499222AF87400147C85 /* UI */,
				ECA71498222AD60C00147C85 /* Resources */,
			);
			path = CurrencyConverter;
			sourceTree = "<group>";
		};
		ECA7146D2224898F00147C85 /* CurrencyConverterTests */ = {
			isa = PBXGroup;
			children = (
				ECA7146E2224898F00147C85 /* CurrencyConverterTests.swift */,
				ECA714702224898F00147C85 /* Info.plist */,
			);
			path = CurrencyConverterTests;
			sourceTree = "<group>";
		};
		ECA714792224899900147C85 /* Services */ = {
			isa = PBXGroup;
			children = (
				ECA7149E222D963A00147C85 /* CurrencyFormatter */,
				ECA71495222A94AD00147C85 /* URLProvider */,
				ECA714862225DCCF00147C85 /* CurrencyRatesService */,
			);
			path = Services;
			sourceTree = "<group>";
		};
		ECA7147C222489BF00147C85 /* Models */ = {
			isa = PBXGroup;
			children = (
				ECA714A3222DA62900147C85 /* CurrencyRatesModel.swift */,
			);
			path = Models;
			sourceTree = "<group>";
		};
		ECA7147F22248C3900147C85 /* Common */ = {
			isa = PBXGroup;
			children = (
				ECA7148022248C4600147C85 /* Result.swift */,
				ECA7149C222C3BDE00147C85 /* Space.swift */,
			);
			path = Common;
			sourceTree = "<group>";
		};
		ECA714862225DCCF00147C85 /* CurrencyRatesService */ = {
			isa = PBXGroup;
			children = (
				ECA7147A222489B200147C85 /* CurrencyRatesService.swift */,
				ECA714872225DCDE00147C85 /* CurrencyRatesServiceFactory.swift */,
			);
			path = CurrencyRatesService;
			sourceTree = "<group>";
		};
		ECA71489222A8B5A00147C85 /* Flows */ = {
			isa = PBXGroup;
			children = (
				ECA71492222A8EAC00147C85 /* Factory */,
				ECA71490222A8E9900147C85 /* ViewModel */,
				ECA71491222A8EA300147C85 /* View */,
			);
			path = Flows;
			sourceTree = "<group>";
		};
		ECA71490222A8E9900147C85 /* ViewModel */ = {
			isa = PBXGroup;
			children = (
				ECA714A1222D9C1200147C85 /* CurrencyViewModel.swift */,
				ECA7148A222A8B7000147C85 /* CurrencyConverterViewModel.swift */,
			);
			path = ViewModel;
			sourceTree = "<group>";
		};
		ECA71491222A8EA300147C85 /* View */ = {
			isa = PBXGroup;
			children = (
				ECA7148C222A8B8C00147C85 /* CurrencyConverterViewController.swift */,
			);
			path = View;
			sourceTree = "<group>";
		};
		ECA71492222A8EAC00147C85 /* Factory */ = {
			isa = PBXGroup;
			children = (
				ECA71493222A8ECB00147C85 /* CurrencyConverterFactory.swift */,
			);
			path = Factory;
			sourceTree = "<group>";
		};
		ECA71495222A94AD00147C85 /* URLProvider */ = {
			isa = PBXGroup;
			children = (
				ECA714842225D96900147C85 /* URLProvider.swift */,
			);
			path = URLProvider;
			sourceTree = "<group>";
		};
		ECA71498222AD60C00147C85 /* Resources */ = {
			isa = PBXGroup;
			children = (
				ECA714602224898F00147C85 /* Assets.xcassets */,
				ECA714622224898F00147C85 /* LaunchScreen.storyboard */,
				ECA714652224898F00147C85 /* Info.plist */,
			);
			path = Resources;
			sourceTree = "<group>";
		};
		ECA71499222AF87400147C85 /* UI */ = {
			isa = PBXGroup;
			children = (
				ECA7149A222AF89700147C85 /* CurrencyTableViewCell.swift */,
			);
			path = UI;
			sourceTree = "<group>";
		};
		ECA7149E222D963A00147C85 /* CurrencyFormatter */ = {
			isa = PBXGroup;
			children = (
				ECA7149F222D965C00147C85 /* CurrencyFormatter.swift */,
			);
			path = CurrencyFormatter;
			sourceTree = "<group>";
		};
		F500365612D6FEAA64E7577A /* Pods */ = {
			isa = PBXGroup;
			children = (
				E3286A5215A0F53F2B82DFA1 /* Pods-CurrencyConverter.debug.xcconfig */,
				6E7FCE1221633FB934FAE27A /* Pods-CurrencyConverter.release.xcconfig */,
				E3461FC6FA2782A4BC2BE31F /* Pods-CurrencyConverterTests.debug.xcconfig */,
				24ED676C0CDA23C8246551D9 /* Pods-CurrencyConverterTests.release.xcconfig */,
			);
			name = Pods;
			sourceTree = "<group>";
		};
/* End PBXGroup section */

/* Begin PBXNativeTarget section */
		ECA714552224898C00147C85 /* CurrencyConverter */ = {
			isa = PBXNativeTarget;
			buildConfigurationList = ECA714732224898F00147C85 /* Build configuration list for PBXNativeTarget "CurrencyConverter" */;
			buildPhases = (
				21952604D050F06B58000385 /* [CP] Check Pods Manifest.lock */,
				ECA714522224898C00147C85 /* Sources */,
				ECA714532224898C00147C85 /* Frameworks */,
				ECA714542224898C00147C85 /* Resources */,
				81A94CF3A21848665D37A869 /* [CP] Embed Pods Frameworks */,
			);
			buildRules = (
			);
			dependencies = (
			);
			name = CurrencyConverter;
			productName = CurrencyConverter;
			productReference = ECA714562224898C00147C85 /* CurrencyConverter.app */;
			productType = "com.apple.product-type.application";
		};
		ECA714692224898F00147C85 /* CurrencyConverterTests */ = {
			isa = PBXNativeTarget;
			buildConfigurationList = ECA714762224898F00147C85 /* Build configuration list for PBXNativeTarget "CurrencyConverterTests" */;
			buildPhases = (
				74652FB8100FC4CBF72D7623 /* [CP] Check Pods Manifest.lock */,
				ECA714662224898F00147C85 /* Sources */,
				ECA714672224898F00147C85 /* Frameworks */,
				ECA714682224898F00147C85 /* Resources */,
			);
			buildRules = (
			);
			dependencies = (
				ECA7146C2224898F00147C85 /* PBXTargetDependency */,
			);
			name = CurrencyConverterTests;
			productName = CurrencyConverterTests;
			productReference = ECA7146A2224898F00147C85 /* CurrencyConverterTests.xctest */;
			productType = "com.apple.product-type.bundle.unit-test";
		};
/* End PBXNativeTarget section */

/* Begin PBXProject section */
		ECA7144E2224898C00147C85 /* Project object */ = {
			isa = PBXProject;
			attributes = {
				LastSwiftUpdateCheck = 1010;
				LastUpgradeCheck = 1010;
				ORGANIZATIONNAME = "Semavin Artem";
				TargetAttributes = {
					ECA714552224898C00147C85 = {
						CreatedOnToolsVersion = 10.1;
					};
					ECA714692224898F00147C85 = {
						CreatedOnToolsVersion = 10.1;
						TestTargetID = ECA714552224898C00147C85;
					};
				};
			};
			buildConfigurationList = ECA714512224898C00147C85 /* Build configuration list for PBXProject "CurrencyConverter" */;
			compatibilityVersion = "Xcode 9.3";
			developmentRegion = en;
			hasScannedForEncodings = 0;
			knownRegions = (
				en,
				Base,
			);
			mainGroup = ECA7144D2224898C00147C85;
			productRefGroup = ECA714572224898C00147C85 /* Products */;
			projectDirPath = "";
			projectRoot = "";
			targets = (
				ECA714552224898C00147C85 /* CurrencyConverter */,
				ECA714692224898F00147C85 /* CurrencyConverterTests */,
			);
		};
/* End PBXProject section */

/* Begin PBXResourcesBuildPhase section */
		ECA714542224898C00147C85 /* Resources */ = {
			isa = PBXResourcesBuildPhase;
			buildActionMask = 2147483647;
			files = (
				ECA714642224898F00147C85 /* LaunchScreen.storyboard in Resources */,
				ECA714612224898F00147C85 /* Assets.xcassets in Resources */,
			);
			runOnlyForDeploymentPostprocessing = 0;
		};
		ECA714682224898F00147C85 /* Resources */ = {
			isa = PBXResourcesBuildPhase;
			buildActionMask = 2147483647;
			files = (
			);
			runOnlyForDeploymentPostprocessing = 0;
		};
/* End PBXResourcesBuildPhase section */

/* Begin PBXShellScriptBuildPhase section */
		21952604D050F06B58000385 /* [CP] Check Pods Manifest.lock */ = {
			isa = PBXShellScriptBuildPhase;
			buildActionMask = 2147483647;
			files = (
			);
			inputFileListPaths = (
			);
			inputPaths = (
				"${PODS_PODFILE_DIR_PATH}/Podfile.lock",
				"${PODS_ROOT}/Manifest.lock",
			);
			name = "[CP] Check Pods Manifest.lock";
			outputFileListPaths = (
			);
			outputPaths = (
				"$(DERIVED_FILE_DIR)/Pods-CurrencyConverter-checkManifestLockResult.txt",
			);
			runOnlyForDeploymentPostprocessing = 0;
			shellPath = /bin/sh;
			shellScript = "diff \"${PODS_PODFILE_DIR_PATH}/Podfile.lock\" \"${PODS_ROOT}/Manifest.lock\" > /dev/null\nif [ $? != 0 ] ; then\n    # print error to STDERR\n    echo \"error: The sandbox is not in sync with the Podfile.lock. Run 'pod install' or update your CocoaPods installation.\" >&2\n    exit 1\nfi\n# This output is used by Xcode 'outputs' to avoid re-running this script phase.\necho \"SUCCESS\" > \"${SCRIPT_OUTPUT_FILE_0}\"\n";
			showEnvVarsInLog = 0;
		};
		74652FB8100FC4CBF72D7623 /* [CP] Check Pods Manifest.lock */ = {
			isa = PBXShellScriptBuildPhase;
			buildActionMask = 2147483647;
			files = (
			);
			inputFileListPaths = (
			);
			inputPaths = (
				"${PODS_PODFILE_DIR_PATH}/Podfile.lock",
				"${PODS_ROOT}/Manifest.lock",
			);
			name = "[CP] Check Pods Manifest.lock";
			outputFileListPaths = (
			);
			outputPaths = (
				"$(DERIVED_FILE_DIR)/Pods-CurrencyConverterTests-checkManifestLockResult.txt",
			);
			runOnlyForDeploymentPostprocessing = 0;
			shellPath = /bin/sh;
			shellScript = "diff \"${PODS_PODFILE_DIR_PATH}/Podfile.lock\" \"${PODS_ROOT}/Manifest.lock\" > /dev/null\nif [ $? != 0 ] ; then\n    # print error to STDERR\n    echo \"error: The sandbox is not in sync with the Podfile.lock. Run 'pod install' or update your CocoaPods installation.\" >&2\n    exit 1\nfi\n# This output is used by Xcode 'outputs' to avoid re-running this script phase.\necho \"SUCCESS\" > \"${SCRIPT_OUTPUT_FILE_0}\"\n";
			showEnvVarsInLog = 0;
		};
		81A94CF3A21848665D37A869 /* [CP] Embed Pods Frameworks */ = {
			isa = PBXShellScriptBuildPhase;
			buildActionMask = 2147483647;
			files = (
			);
			inputFileListPaths = (
			);
			inputPaths = (
				"${SRCROOT}/Pods/Target Support Files/Pods-CurrencyConverter/Pods-CurrencyConverter-frameworks.sh",
				"${BUILT_PRODUCTS_DIR}/DifferenceKit/DifferenceKit.framework",
			);
			name = "[CP] Embed Pods Frameworks";
			outputFileListPaths = (
			);
			outputPaths = (
				"${TARGET_BUILD_DIR}/${FRAMEWORKS_FOLDER_PATH}/DifferenceKit.framework",
			);
			runOnlyForDeploymentPostprocessing = 0;
			shellPath = /bin/sh;
			shellScript = "\"${SRCROOT}/Pods/Target Support Files/Pods-CurrencyConverter/Pods-CurrencyConverter-frameworks.sh\"\n";
			showEnvVarsInLog = 0;
		};
/* End PBXShellScriptBuildPhase section */

/* Begin PBXSourcesBuildPhase section */
		ECA714522224898C00147C85 /* Sources */ = {
			isa = PBXSourcesBuildPhase;
			buildActionMask = 2147483647;
			files = (
				ECA7148D222A8B8C00147C85 /* CurrencyConverterViewController.swift in Sources */,
				ECA7149D222C3BDE00147C85 /* Space.swift in Sources */,
				ECA714852225D96900147C85 /* URLProvider.swift in Sources */,
				ECA714A0222D965C00147C85 /* CurrencyFormatter.swift in Sources */,
				ECA7149B222AF89700147C85 /* CurrencyTableViewCell.swift in Sources */,
				ECA7148122248C4600147C85 /* Result.swift in Sources */,
				ECA71494222A8ECB00147C85 /* CurrencyConverterFactory.swift in Sources */,
				ECA7147B222489B200147C85 /* CurrencyRatesService.swift in Sources */,
				ECA7148B222A8B7000147C85 /* CurrencyConverterViewModel.swift in Sources */,
				ECA714A2222D9C1200147C85 /* CurrencyViewModel.swift in Sources */,
				ECA714A4222DA62900147C85 /* CurrencyRatesModel.swift in Sources */,
				ECA714882225DCDE00147C85 /* CurrencyRatesServiceFactory.swift in Sources */,
				ECA7145A2224898C00147C85 /* AppDelegate.swift in Sources */,
				ECA7148322248D6B00147C85 /* Parameters.swift in Sources */,
			);
			runOnlyForDeploymentPostprocessing = 0;
		};
		ECA714662224898F00147C85 /* Sources */ = {
			isa = PBXSourcesBuildPhase;
			buildActionMask = 2147483647;
			files = (
				ECA7146F2224898F00147C85 /* CurrencyConverterTests.swift in Sources */,
			);
			runOnlyForDeploymentPostprocessing = 0;
		};
/* End PBXSourcesBuildPhase section */

/* Begin PBXTargetDependency section */
		ECA7146C2224898F00147C85 /* PBXTargetDependency */ = {
			isa = PBXTargetDependency;
			target = ECA714552224898C00147C85 /* CurrencyConverter */;
			targetProxy = ECA7146B2224898F00147C85 /* PBXContainerItemProxy */;
		};
/* End PBXTargetDependency section */

/* Begin PBXVariantGroup section */
		ECA714622224898F00147C85 /* LaunchScreen.storyboard */ = {
			isa = PBXVariantGroup;
			children = (
				ECA714632224898F00147C85 /* Base */,
			);
			name = LaunchScreen.storyboard;
			sourceTree = "<group>";
		};
/* End PBXVariantGroup section */

/* Begin XCBuildConfiguration section */
		ECA714712224898F00147C85 /* Debug */ = {
			isa = XCBuildConfiguration;
			buildSettings = {
				ALWAYS_SEARCH_USER_PATHS = NO;
				CLANG_ANALYZER_NONNULL = YES;
				CLANG_ANALYZER_NUMBER_OBJECT_CONVERSION = YES_AGGRESSIVE;
				CLANG_CXX_LANGUAGE_STANDARD = "gnu++14";
				CLANG_CXX_LIBRARY = "libc++";
				CLANG_ENABLE_MODULES = YES;
				CLANG_ENABLE_OBJC_ARC = YES;
				CLANG_ENABLE_OBJC_WEAK = YES;
				CLANG_WARN_BLOCK_CAPTURE_AUTORELEASING = YES;
				CLANG_WARN_BOOL_CONVERSION = YES;
				CLANG_WARN_COMMA = YES;
				CLANG_WARN_CONSTANT_CONVERSION = YES;
				CLANG_WARN_DEPRECATED_OBJC_IMPLEMENTATIONS = YES;
				CLANG_WARN_DIRECT_OBJC_ISA_USAGE = YES_ERROR;
				CLANG_WARN_DOCUMENTATION_COMMENTS = YES;
				CLANG_WARN_EMPTY_BODY = YES;
				CLANG_WARN_ENUM_CONVERSION = YES;
				CLANG_WARN_INFINITE_RECURSION = YES;
				CLANG_WARN_INT_CONVERSION = YES;
				CLANG_WARN_NON_LITERAL_NULL_CONVERSION = YES;
				CLANG_WARN_OBJC_IMPLICIT_RETAIN_SELF = YES;
				CLANG_WARN_OBJC_LITERAL_CONVERSION = YES;
				CLANG_WARN_OBJC_ROOT_CLASS = YES_ERROR;
				CLANG_WARN_RANGE_LOOP_ANALYSIS = YES;
				CLANG_WARN_STRICT_PROTOTYPES = YES;
				CLANG_WARN_SUSPICIOUS_MOVE = YES;
				CLANG_WARN_UNGUARDED_AVAILABILITY = YES_AGGRESSIVE;
				CLANG_WARN_UNREACHABLE_CODE = YES;
				CLANG_WARN__DUPLICATE_METHOD_MATCH = YES;
				CODE_SIGN_IDENTITY = "iPhone Developer";
				COPY_PHASE_STRIP = NO;
				DEBUG_INFORMATION_FORMAT = dwarf;
				ENABLE_STRICT_OBJC_MSGSEND = YES;
				ENABLE_TESTABILITY = YES;
				GCC_C_LANGUAGE_STANDARD = gnu11;
				GCC_DYNAMIC_NO_PIC = NO;
				GCC_NO_COMMON_BLOCKS = YES;
				GCC_OPTIMIZATION_LEVEL = 0;
				GCC_PREPROCESSOR_DEFINITIONS = (
					"DEBUG=1",
					"$(inherited)",
				);
				GCC_WARN_64_TO_32_BIT_CONVERSION = YES;
				GCC_WARN_ABOUT_RETURN_TYPE = YES_ERROR;
				GCC_WARN_UNDECLARED_SELECTOR = YES;
				GCC_WARN_UNINITIALIZED_AUTOS = YES_AGGRESSIVE;
				GCC_WARN_UNUSED_FUNCTION = YES;
				GCC_WARN_UNUSED_VARIABLE = YES;
				IPHONEOS_DEPLOYMENT_TARGET = 12.1;
				MTL_ENABLE_DEBUG_INFO = INCLUDE_SOURCE;
				MTL_FAST_MATH = YES;
				ONLY_ACTIVE_ARCH = YES;
				SDKROOT = iphoneos;
				SWIFT_ACTIVE_COMPILATION_CONDITIONS = DEBUG;
				SWIFT_OPTIMIZATION_LEVEL = "-Onone";
			};
			name = Debug;
		};
		ECA714722224898F00147C85 /* Release */ = {
			isa = XCBuildConfiguration;
			buildSettings = {
				ALWAYS_SEARCH_USER_PATHS = NO;
				CLANG_ANALYZER_NONNULL = YES;
				CLANG_ANALYZER_NUMBER_OBJECT_CONVERSION = YES_AGGRESSIVE;
				CLANG_CXX_LANGUAGE_STANDARD = "gnu++14";
				CLANG_CXX_LIBRARY = "libc++";
				CLANG_ENABLE_MODULES = YES;
				CLANG_ENABLE_OBJC_ARC = YES;
				CLANG_ENABLE_OBJC_WEAK = YES;
				CLANG_WARN_BLOCK_CAPTURE_AUTORELEASING = YES;
				CLANG_WARN_BOOL_CONVERSION = YES;
				CLANG_WARN_COMMA = YES;
				CLANG_WARN_CONSTANT_CONVERSION = YES;
				CLANG_WARN_DEPRECATED_OBJC_IMPLEMENTATIONS = YES;
				CLANG_WARN_DIRECT_OBJC_ISA_USAGE = YES_ERROR;
				CLANG_WARN_DOCUMENTATION_COMMENTS = YES;
				CLANG_WARN_EMPTY_BODY = YES;
				CLANG_WARN_ENUM_CONVERSION = YES;
				CLANG_WARN_INFINITE_RECURSION = YES;
				CLANG_WARN_INT_CONVERSION = YES;
				CLANG_WARN_NON_LITERAL_NULL_CONVERSION = YES;
				CLANG_WARN_OBJC_IMPLICIT_RETAIN_SELF = YES;
				CLANG_WARN_OBJC_LITERAL_CONVERSION = YES;
				CLANG_WARN_OBJC_ROOT_CLASS = YES_ERROR;
				CLANG_WARN_RANGE_LOOP_ANALYSIS = YES;
				CLANG_WARN_STRICT_PROTOTYPES = YES;
				CLANG_WARN_SUSPICIOUS_MOVE = YES;
				CLANG_WARN_UNGUARDED_AVAILABILITY = YES_AGGRESSIVE;
				CLANG_WARN_UNREACHABLE_CODE = YES;
				CLANG_WARN__DUPLICATE_METHOD_MATCH = YES;
				CODE_SIGN_IDENTITY = "iPhone Developer";
				COPY_PHASE_STRIP = NO;
				DEBUG_INFORMATION_FORMAT = "dwarf-with-dsym";
				ENABLE_NS_ASSERTIONS = NO;
				ENABLE_STRICT_OBJC_MSGSEND = YES;
				GCC_C_LANGUAGE_STANDARD = gnu11;
				GCC_NO_COMMON_BLOCKS = YES;
				GCC_WARN_64_TO_32_BIT_CONVERSION = YES;
				GCC_WARN_ABOUT_RETURN_TYPE = YES_ERROR;
				GCC_WARN_UNDECLARED_SELECTOR = YES;
				GCC_WARN_UNINITIALIZED_AUTOS = YES_AGGRESSIVE;
				GCC_WARN_UNUSED_FUNCTION = YES;
				GCC_WARN_UNUSED_VARIABLE = YES;
				IPHONEOS_DEPLOYMENT_TARGET = 12.1;
				MTL_ENABLE_DEBUG_INFO = NO;
				MTL_FAST_MATH = YES;
				SDKROOT = iphoneos;
				SWIFT_COMPILATION_MODE = wholemodule;
				SWIFT_OPTIMIZATION_LEVEL = "-O";
				VALIDATE_PRODUCT = YES;
			};
			name = Release;
		};
		ECA714742224898F00147C85 /* Debug */ = {
			isa = XCBuildConfiguration;
			baseConfigurationReference = E3286A5215A0F53F2B82DFA1 /* Pods-CurrencyConverter.debug.xcconfig */;
			buildSettings = {
				ASSETCATALOG_COMPILER_APPICON_NAME = AppIcon;
				CODE_SIGN_STYLE = Automatic;
				DEVELOPMENT_TEAM = ARN263RGLR;
				INFOPLIST_FILE = "$(SRCROOT)/CurrencyConverter/Resources/Info.plist";
				LD_RUNPATH_SEARCH_PATHS = (
					"$(inherited)",
					"@executable_path/Frameworks",
				);
				PRODUCT_BUNDLE_IDENTIFIER = ru.ooodin.CurrencyConverter;
				PRODUCT_NAME = "$(TARGET_NAME)";
				SWIFT_VERSION = 4.2;
				TARGETED_DEVICE_FAMILY = 1;
			};
			name = Debug;
		};
		ECA714752224898F00147C85 /* Release */ = {
			isa = XCBuildConfiguration;
			baseConfigurationReference = 6E7FCE1221633FB934FAE27A /* Pods-CurrencyConverter.release.xcconfig */;
			buildSettings = {
				ASSETCATALOG_COMPILER_APPICON_NAME = AppIcon;
				CODE_SIGN_STYLE = Automatic;
				DEVELOPMENT_TEAM = ARN263RGLR;
				INFOPLIST_FILE = "$(SRCROOT)/CurrencyConverter/Resources/Info.plist";
				LD_RUNPATH_SEARCH_PATHS = (
					"$(inherited)",
					"@executable_path/Frameworks",
				);
				PRODUCT_BUNDLE_IDENTIFIER = ru.ooodin.CurrencyConverter;
				PRODUCT_NAME = "$(TARGET_NAME)";
				SWIFT_VERSION = 4.2;
				TARGETED_DEVICE_FAMILY = 1;
			};
			name = Release;
		};
		ECA714772224898F00147C85 /* Debug */ = {
			isa = XCBuildConfiguration;
			baseConfigurationReference = E3461FC6FA2782A4BC2BE31F /* Pods-CurrencyConverterTests.debug.xcconfig */;
			buildSettings = {
				ALWAYS_EMBED_SWIFT_STANDARD_LIBRARIES = YES;
				BUNDLE_LOADER = "$(TEST_HOST)";
				CODE_SIGN_STYLE = Automatic;
				DEVELOPMENT_TEAM = ARN263RGLR;
				INFOPLIST_FILE = CurrencyConverterTests/Info.plist;
				LD_RUNPATH_SEARCH_PATHS = (
					"$(inherited)",
					"@executable_path/Frameworks",
					"@loader_path/Frameworks",
				);
				PRODUCT_BUNDLE_IDENTIFIER = ru.ooodin.CurrencyConverterTests;
				PRODUCT_NAME = "$(TARGET_NAME)";
				SWIFT_VERSION = 4.2;
				TARGETED_DEVICE_FAMILY = "1,2";
				TEST_HOST = "$(BUILT_PRODUCTS_DIR)/CurrencyConverter.app/CurrencyConverter";
			};
			name = Debug;
		};
		ECA714782224898F00147C85 /* Release */ = {
			isa = XCBuildConfiguration;
			baseConfigurationReference = 24ED676C0CDA23C8246551D9 /* Pods-CurrencyConverterTests.release.xcconfig */;
			buildSettings = {
				ALWAYS_EMBED_SWIFT_STANDARD_LIBRARIES = YES;
				BUNDLE_LOADER = "$(TEST_HOST)";
				CODE_SIGN_STYLE = Automatic;
				DEVELOPMENT_TEAM = ARN263RGLR;
				INFOPLIST_FILE = CurrencyConverterTests/Info.plist;
				LD_RUNPATH_SEARCH_PATHS = (
					"$(inherited)",
					"@executable_path/Frameworks",
					"@loader_path/Frameworks",
				);
				PRODUCT_BUNDLE_IDENTIFIER = ru.ooodin.CurrencyConverterTests;
				PRODUCT_NAME = "$(TARGET_NAME)";
				SWIFT_VERSION = 4.2;
				TARGETED_DEVICE_FAMILY = "1,2";
				TEST_HOST = "$(BUILT_PRODUCTS_DIR)/CurrencyConverter.app/CurrencyConverter";
			};
			name = Release;
		};
/* End XCBuildConfiguration section */

/* Begin XCConfigurationList section */
		ECA714512224898C00147C85 /* Build configuration list for PBXProject "CurrencyConverter" */ = {
			isa = XCConfigurationList;
			buildConfigurations = (
				ECA714712224898F00147C85 /* Debug */,
				ECA714722224898F00147C85 /* Release */,
			);
			defaultConfigurationIsVisible = 0;
			defaultConfigurationName = Release;
		};
		ECA714732224898F00147C85 /* Build configuration list for PBXNativeTarget "CurrencyConverter" */ = {
			isa = XCConfigurationList;
			buildConfigurations = (
				ECA714742224898F00147C85 /* Debug */,
				ECA714752224898F00147C85 /* Release */,
			);
			defaultConfigurationIsVisible = 0;
			defaultConfigurationName = Release;
		};
		ECA714762224898F00147C85 /* Build configuration list for PBXNativeTarget "CurrencyConverterTests" */ = {
			isa = XCConfigurationList;
			buildConfigurations = (
				ECA714772224898F00147C85 /* Debug */,
				ECA714782224898F00147C85 /* Release */,
			);
			defaultConfigurationIsVisible = 0;
			defaultConfigurationName = Release;
		};
/* End XCConfigurationList section */
	};
	rootObject = ECA7144E2224898C00147C85 /* Project object */;
}
